
Microsoft Visual Studio Solution File, Format Version 12.00
# Visual Studio 14
VisualStudioVersion = 14.0.25420.1
MinimumVisualStudioVersion = 10.0.40219.1
Project("{FAE04EC0-301F-11D3-BF4B-00C04F79EFBC}") = "PeopleSearch", "PeopleSearch\PeopleSearch.csproj", "{E9D1928B-B2CC-4BC5-9F56-489F721C2158}"
EndProject
Project("{FAE04EC0-301F-11D3-BF4B-00C04F79EFBC}") = "PeopleSearch.Tests", "PeopleSearch.Tests\PeopleSearch.Tests.csproj", "{AECEE2C6-BCAA-49E8-B02F-562C7E178ECF}"
EndProject
Global
	GlobalSection(SolutionConfigurationPlatforms) = preSolution
		Debug|Any CPU = Debug|Any CPU
		Release|Any CPU = Release|Any CPU
	EndGlobalSection
	GlobalSection(ProjectConfigurationPlatforms) = postSolution
		{E9D1928B-B2CC-4BC5-9F56-489F721C2158}.Debug|Any CPU.ActiveCfg = Debug|Any CPU
		{E9D1928B-B2CC-4BC5-9F56-489F721C2158}.Debug|Any CPU.Build.0 = Debug|Any CPU
		{E9D1928B-B2CC-4BC5-9F56-489F721C2158}.Release|Any CPU.ActiveCfg = Release|Any CPU
		{E9D1928B-B2CC-4BC5-9F56-489F721C2158}.Release|Any CPU.Build.0 = Release|Any CPU
		{AECEE2C6-BCAA-49E8-B02F-562C7E178ECF}.Debug|Any CPU.ActiveCfg = Debug|Any CPU
		{AECEE2C6-BCAA-49E8-B02F-562C7E178ECF}.Debug|Any CPU.Build.0 = Debug|Any CPU
		{AECEE2C6-BCAA-49E8-B02F-562C7E178ECF}.Release|Any CPU.ActiveCfg = Release|Any CPU
		{AECEE2C6-BCAA-49E8-B02F-562C7E178ECF}.Release|Any CPU.Build.0 = Release|Any CPU
	EndGlobalSection
	GlobalSection(SolutionProperties) = preSolution
		HideSolutionNode = FALSE
	EndGlobalSection
EndGlobal
